
Microsoft Visual Studio Solution File, Format Version 12.00
# Visual Studio Version 17
VisualStudioVersion = 17.14.36414.22
MinimumVisualStudioVersion = 10.0.40219.1
Project("{FAE04EC0-301F-11D3-BF4B-00C04F79EFBC}") = "Laboratorio 3", "Laboratorio 3\Laboratorio 3.csproj", "{077593D8-E248-433F-89F4-1FB3F9B32E00}"
EndProject
Project("{FAE04EC0-301F-11D3-BF4B-00C04F79EFBC}") = "Laboratorio3.1", "Laboratorio3.1\Laboratorio3.1.csproj", "{AAD63BEB-E5EB-42A1-A537-DB60052AD607}"
EndProject
Project("{FAE04EC0-301F-11D3-BF4B-00C04F79EFBC}") = "Laboratorio3.2", "Laboratorio3.2\Laboratorio3.2.csproj", "{B0B40AFD-E040-4510-9836-403CF9E2548E}"
EndProject
Project("{FAE04EC0-301F-11D3-BF4B-00C04F79EFBC}") = "Laboratorio3.3", "Laboratorio3.3\Laboratorio3.3.csproj", "{41A9F2EE-F776-4B07-B14D-86539C7F63CB}"
EndProject
Global
	GlobalSection(SolutionConfigurationPlatforms) = preSolution
		Debug|Any CPU = Debug|Any CPU
		Release|Any CPU = Release|Any CPU
	EndGlobalSection
	GlobalSection(ProjectConfigurationPlatforms) = postSolution
		{077593D8-E248-433F-89F4-1FB3F9B32E00}.Debug|Any CPU.ActiveCfg = Debug|Any CPU
		{077593D8-E248-433F-89F4-1FB3F9B32E00}.Debug|Any CPU.Build.0 = Debug|Any CPU
		{077593D8-E248-433F-89F4-1FB3F9B32E00}.Release|Any CPU.ActiveCfg = Release|Any CPU
		{077593D8-E248-433F-89F4-1FB3F9B32E00}.Release|Any CPU.Build.0 = Release|Any CPU
		{AAD63BEB-E5EB-42A1-A537-DB60052AD607}.Debug|Any CPU.ActiveCfg = Debug|Any CPU
		{AAD63BEB-E5EB-42A1-A537-DB60052AD607}.Debug|Any CPU.Build.0 = Debug|Any CPU
		{AAD63BEB-E5EB-42A1-A537-DB60052AD607}.Release|Any CPU.ActiveCfg = Release|Any CPU
		{AAD63BEB-E5EB-42A1-A537-DB60052AD607}.Release|Any CPU.Build.0 = Release|Any CPU
		{B0B40AFD-E040-4510-9836-403CF9E2548E}.Debug|Any CPU.ActiveCfg = Debug|Any CPU
		{B0B40AFD-E040-4510-9836-403CF9E2548E}.Debug|Any CPU.Build.0 = Debug|Any CPU
		{B0B40AFD-E040-4510-9836-403CF9E2548E}.Release|Any CPU.ActiveCfg = Release|Any CPU
		{B0B40AFD-E040-4510-9836-403CF9E2548E}.Release|Any CPU.Build.0 = Release|Any CPU
		{41A9F2EE-F776-4B07-B14D-86539C7F63CB}.Debug|Any CPU.ActiveCfg = Debug|Any CPU
		{41A9F2EE-F776-4B07-B14D-86539C7F63CB}.Debug|Any CPU.Build.0 = Debug|Any CPU
		{41A9F2EE-F776-4B07-B14D-86539C7F63CB}.Release|Any CPU.ActiveCfg = Release|Any CPU
		{41A9F2EE-F776-4B07-B14D-86539C7F63CB}.Release|Any CPU.Build.0 = Release|Any CPU
	EndGlobalSection
	GlobalSection(SolutionProperties) = preSolution
		HideSolutionNode = FALSE
	EndGlobalSection
	GlobalSection(ExtensibilityGlobals) = postSolution
		SolutionGuid = {DDD23E07-DDA9-455E-89A8-518F4FA3789B}
	EndGlobalSection
EndGlobal
