
Microsoft Visual Studio Solution File, Format Version 12.00
# Visual Studio Version 17
VisualStudioVersion = 17.14.36414.22 d17.14
MinimumVisualStudioVersion = 10.0.40219.1
Project("{FAE04EC0-301F-11D3-BF4B-00C04F79EFBC}") = "Laboratorio13", "Laboratorio13\Laboratorio13.csproj", "{BED19E09-522A-4F03-B923-2FA2DABFE871}"
EndProject
Global
	GlobalSection(SolutionConfigurationPlatforms) = preSolution
		Debug|Any CPU = Debug|Any CPU
		Release|Any CPU = Release|Any CPU
	EndGlobalSection
	GlobalSection(ProjectConfigurationPlatforms) = postSolution
		{BED19E09-522A-4F03-B923-2FA2DABFE871}.Debug|Any CPU.ActiveCfg = Debug|Any CPU
		{BED19E09-522A-4F03-B923-2FA2DABFE871}.Debug|Any CPU.Build.0 = Debug|Any CPU
		{BED19E09-522A-4F03-B923-2FA2DABFE871}.Release|Any CPU.ActiveCfg = Release|Any CPU
		{BED19E09-522A-4F03-B923-2FA2DABFE871}.Release|Any CPU.Build.0 = Release|Any CPU
	EndGlobalSection
	GlobalSection(SolutionProperties) = preSolution
		HideSolutionNode = FALSE
	EndGlobalSection
	GlobalSection(ExtensibilityGlobals) = postSolution
		SolutionGuid = {D89229FF-6C6A-424B-BC8C-D483175ADFF7}
	EndGlobalSection
EndGlobal
