
Microsoft Visual Studio Solution File, Format Version 12.00
# Visual Studio Version 17
VisualStudioVersion = 17.14.36414.22 d17.14
MinimumVisualStudioVersion = 10.0.40219.1
Project("{FAE04EC0-301F-11D3-BF4B-00C04F79EFBC}") = "Laboratorio16", "Laboratorio16\Laboratorio16.csproj", "{10E92A22-2F98-4FEF-B90F-C5C8730B0E20}"
EndProject
Global
	GlobalSection(SolutionConfigurationPlatforms) = preSolution
		Debug|Any CPU = Debug|Any CPU
		Release|Any CPU = Release|Any CPU
	EndGlobalSection
	GlobalSection(ProjectConfigurationPlatforms) = postSolution
		{10E92A22-2F98-4FEF-B90F-C5C8730B0E20}.Debug|Any CPU.ActiveCfg = Debug|Any CPU
		{10E92A22-2F98-4FEF-B90F-C5C8730B0E20}.Debug|Any CPU.Build.0 = Debug|Any CPU
		{10E92A22-2F98-4FEF-B90F-C5C8730B0E20}.Release|Any CPU.ActiveCfg = Release|Any CPU
		{10E92A22-2F98-4FEF-B90F-C5C8730B0E20}.Release|Any CPU.Build.0 = Release|Any CPU
	EndGlobalSection
	GlobalSection(SolutionProperties) = preSolution
		HideSolutionNode = FALSE
	EndGlobalSection
	GlobalSection(ExtensibilityGlobals) = postSolution
		SolutionGuid = {7DB5C10A-596F-4D01-A11D-642975DA0EB2}
	EndGlobalSection
EndGlobal
