
Microsoft Visual Studio Solution File, Format Version 12.00
# Visual Studio Version 17
VisualStudioVersion = 17.14.36414.22
MinimumVisualStudioVersion = 10.0.40219.1
Project("{FAE04EC0-301F-11D3-BF4B-00C04F79EFBC}") = "Laboratorio19", "Laboratorio19\Laboratorio19.csproj", "{82255271-6352-44E1-9C32-8A0E6EA0F5B4}"
EndProject
Project("{FAE04EC0-301F-11D3-BF4B-00C04F79EFBC}") = "Laboratorio192", "Laboratorio192\Laboratorio192.csproj", "{2DC2B6A1-9067-4C0D-8CCD-8A962FF5F386}"
EndProject
Project("{FAE04EC0-301F-11D3-BF4B-00C04F79EFBC}") = "Laboratorio193", "Laboratorio193\Laboratorio193.csproj", "{D69AB7D1-3907-4FC9-B0C3-85746C856BFB}"
EndProject
Global
	GlobalSection(SolutionConfigurationPlatforms) = preSolution
		Debug|Any CPU = Debug|Any CPU
		Release|Any CPU = Release|Any CPU
	EndGlobalSection
	GlobalSection(ProjectConfigurationPlatforms) = postSolution
		{82255271-6352-44E1-9C32-8A0E6EA0F5B4}.Debug|Any CPU.ActiveCfg = Debug|Any CPU
		{82255271-6352-44E1-9C32-8A0E6EA0F5B4}.Debug|Any CPU.Build.0 = Debug|Any CPU
		{82255271-6352-44E1-9C32-8A0E6EA0F5B4}.Release|Any CPU.ActiveCfg = Release|Any CPU
		{82255271-6352-44E1-9C32-8A0E6EA0F5B4}.Release|Any CPU.Build.0 = Release|Any CPU
		{2DC2B6A1-9067-4C0D-8CCD-8A962FF5F386}.Debug|Any CPU.ActiveCfg = Debug|Any CPU
		{2DC2B6A1-9067-4C0D-8CCD-8A962FF5F386}.Debug|Any CPU.Build.0 = Debug|Any CPU
		{2DC2B6A1-9067-4C0D-8CCD-8A962FF5F386}.Release|Any CPU.ActiveCfg = Release|Any CPU
		{2DC2B6A1-9067-4C0D-8CCD-8A962FF5F386}.Release|Any CPU.Build.0 = Release|Any CPU
		{D69AB7D1-3907-4FC9-B0C3-85746C856BFB}.Debug|Any CPU.ActiveCfg = Debug|Any CPU
		{D69AB7D1-3907-4FC9-B0C3-85746C856BFB}.Debug|Any CPU.Build.0 = Debug|Any CPU
		{D69AB7D1-3907-4FC9-B0C3-85746C856BFB}.Release|Any CPU.ActiveCfg = Release|Any CPU
		{D69AB7D1-3907-4FC9-B0C3-85746C856BFB}.Release|Any CPU.Build.0 = Release|Any CPU
	EndGlobalSection
	GlobalSection(SolutionProperties) = preSolution
		HideSolutionNode = FALSE
	EndGlobalSection
	GlobalSection(ExtensibilityGlobals) = postSolution
		SolutionGuid = {AB701ECB-EA73-4851-92F0-CFB2BD5DD99C}
	EndGlobalSection
EndGlobal
